
Microsoft Visual Studio Solution File, Format Version 12.00
# Visual Studio Version 17
VisualStudioVersion = 17.14.36221.1 d17.14
MinimumVisualStudioVersion = 10.0.40219.1
Project("{FAE04EC0-301F-11D3-BF4B-00C04F79EFBC}") = "ProcessPurge", "ProcessPurge.csproj", "{E031D5E0-8938-426F-BA85-C8367BAB6BDB}"
EndProject
Global
	GlobalSection(SolutionConfigurationPlatforms) = preSolution
		Debug|Any CPU = Debug|Any CPU
		Release|Any CPU = Release|Any CPU
	EndGlobalSection
	GlobalSection(ProjectConfigurationPlatforms) = postSolution
		{E031D5E0-8938-426F-BA85-C8367BAB6BDB}.Debug|Any CPU.ActiveCfg = Debug|Any CPU
		{E031D5E0-8938-426F-BA85-C8367BAB6BDB}.Debug|Any CPU.Build.0 = Debug|Any CPU
		{E031D5E0-8938-426F-BA85-C8367BAB6BDB}.Release|Any CPU.ActiveCfg = Release|Any CPU
		{E031D5E0-8938-426F-BA85-C8367BAB6BDB}.Release|Any CPU.Build.0 = Release|Any CPU
	EndGlobalSection
	GlobalSection(SolutionProperties) = preSolution
		HideSolutionNode = FALSE
	EndGlobalSection
	GlobalSection(ExtensibilityGlobals) = postSolution
		SolutionGuid = {72034462-A58C-41EF-8DAF-04D68BE2DEF7}
	EndGlobalSection
EndGlobal
